
Microsoft Visual Studio Solution File, Format Version 12.00
# Visual Studio Version 16
VisualStudioVersion = 16.0.31624.102
MinimumVisualStudioVersion = 10.0.40219.1
Project("{FAE04EC0-301F-11D3-BF4B-00C04F79EFBC}") = "HROADS.webApi", "HROADS.webApi\HROADS.webApi.csproj", "{8281383F-4C84-4ABA-A0FA-1A466E5E404F}"
EndProject
Global
	GlobalSection(SolutionConfigurationPlatforms) = preSolution
		Debug|Any CPU = Debug|Any CPU
		Release|Any CPU = Release|Any CPU
	EndGlobalSection
	GlobalSection(ProjectConfigurationPlatforms) = postSolution
		{8281383F-4C84-4ABA-A0FA-1A466E5E404F}.Debug|Any CPU.ActiveCfg = Debug|Any CPU
		{8281383F-4C84-4ABA-A0FA-1A466E5E404F}.Debug|Any CPU.Build.0 = Debug|Any CPU
		{8281383F-4C84-4ABA-A0FA-1A466E5E404F}.Release|Any CPU.ActiveCfg = Release|Any CPU
		{8281383F-4C84-4ABA-A0FA-1A466E5E404F}.Release|Any CPU.Build.0 = Release|Any CPU
	EndGlobalSection
	GlobalSection(SolutionProperties) = preSolution
		HideSolutionNode = FALSE
	EndGlobalSection
	GlobalSection(ExtensibilityGlobals) = postSolution
		SolutionGuid = {BF924A56-FC07-4D2B-AE6A-E0390C069405}
	EndGlobalSection
EndGlobal
